
Microsoft Visual Studio Solution File, Format Version 12.00
Project("{FAE04EC0-301F-11D3-BF4B-00C04F79EFBC}") = "TaskManagementSystem", "TaskManagementSystem\TaskManagementSystem.csproj", "{242087CC-4DC4-4A00-B314-11F1EC5307EF}"
EndProject
Project("{FAE04EC0-301F-11D3-BF4B-00C04F79EFBC}") = "TaskManagmentSystemTest", "TaskManagmentSystemTest\TaskManagmentSystemTest.csproj", "{C4728548-7B17-4661-A7FD-CFD411C6285E}"
EndProject
Global
	GlobalSection(SolutionConfigurationPlatforms) = preSolution
		Debug|Any CPU = Debug|Any CPU
		Release|Any CPU = Release|Any CPU
	EndGlobalSection
	GlobalSection(ProjectConfigurationPlatforms) = postSolution
		{242087CC-4DC4-4A00-B314-11F1EC5307EF}.Debug|Any CPU.ActiveCfg = Debug|Any CPU
		{242087CC-4DC4-4A00-B314-11F1EC5307EF}.Debug|Any CPU.Build.0 = Debug|Any CPU
		{242087CC-4DC4-4A00-B314-11F1EC5307EF}.Release|Any CPU.ActiveCfg = Release|Any CPU
		{242087CC-4DC4-4A00-B314-11F1EC5307EF}.Release|Any CPU.Build.0 = Release|Any CPU
		{C4728548-7B17-4661-A7FD-CFD411C6285E}.Debug|Any CPU.ActiveCfg = Debug|Any CPU
		{C4728548-7B17-4661-A7FD-CFD411C6285E}.Debug|Any CPU.Build.0 = Debug|Any CPU
		{C4728548-7B17-4661-A7FD-CFD411C6285E}.Release|Any CPU.ActiveCfg = Release|Any CPU
		{C4728548-7B17-4661-A7FD-CFD411C6285E}.Release|Any CPU.Build.0 = Release|Any CPU
	EndGlobalSection
EndGlobal
